
Microsoft Visual Studio Solution File, Format Version 12.00
# Visual Studio Version 17
VisualStudioVersion = 17.7.34221.43
MinimumVisualStudioVersion = 10.0.40219.1
Project("{FAE04EC0-301F-11D3-BF4B-00C04F79EFBC}") = "ConsoleAppDay12Assignment", "ConsoleAppDay12Assignment\ConsoleAppDay12Assignment.csproj", "{B26C58EE-F07D-4F01-B625-191594CD445A}"
EndProject
Global
	GlobalSection(SolutionConfigurationPlatforms) = preSolution
		Debug|Any CPU = Debug|Any CPU
		Release|Any CPU = Release|Any CPU
	EndGlobalSection
	GlobalSection(ProjectConfigurationPlatforms) = postSolution
		{B26C58EE-F07D-4F01-B625-191594CD445A}.Debug|Any CPU.ActiveCfg = Debug|Any CPU
		{B26C58EE-F07D-4F01-B625-191594CD445A}.Debug|Any CPU.Build.0 = Debug|Any CPU
		{B26C58EE-F07D-4F01-B625-191594CD445A}.Release|Any CPU.ActiveCfg = Release|Any CPU
		{B26C58EE-F07D-4F01-B625-191594CD445A}.Release|Any CPU.Build.0 = Release|Any CPU
	EndGlobalSection
	GlobalSection(SolutionProperties) = preSolution
		HideSolutionNode = FALSE
	EndGlobalSection
	GlobalSection(ExtensibilityGlobals) = postSolution
		SolutionGuid = {99B6956E-47E0-4467-B6C0-0C84E1974D9F}
	EndGlobalSection
EndGlobal
